
Microsoft Visual Studio Solution File, Format Version 12.00
# Visual Studio Version 17
VisualStudioVersion = 17.8.34408.163
MinimumVisualStudioVersion = 10.0.40219.1
Project("{FAE04EC0-301F-11D3-BF4B-00C04F79EFBC}") = "AppEngine", "AppEngine\AppEngine.csproj", "{34CF129C-5A04-47B1-88CA-408C3F9E46E4}"
EndProject
Project("{FAE04EC0-301F-11D3-BF4B-00C04F79EFBC}") = "WebApplication", "WebApplication\WebApplication.csproj", "{0DE5D271-72A3-4167-AA32-1900FBCE6CB5}"
	ProjectSection(ProjectDependencies) = postProject
		{CA8A1ECD-ED97-4246-A433-025A36707BF8} = {CA8A1ECD-ED97-4246-A433-025A36707BF8}
		{6B3229E3-3299-4F1F-A328-108F16D623E7} = {6B3229E3-3299-4F1F-A328-108F16D623E7}
	EndProjectSection
EndProject
Project("{FAE04EC0-301F-11D3-BF4B-00C04F79EFBC}") = "Convergence.WopiIntegration", "Convergence.WopiIntegration\Convergence.WopiIntegration.csproj", "{842BA665-0A8E-422E-A627-12EF1C7A1B02}"
EndProject
Project("{FAE04EC0-301F-11D3-BF4B-00C04F79EFBC}") = "Convergence.Wopi", "Convergence.Wopi\Convergence.Wopi.csproj", "{111D520D-BD49-4D55-B42D-AC0C335E43F1}"
EndProject
Project("{FAE04EC0-301F-11D3-BF4B-00C04F79EFBC}") = "FileService", "FileService\FileService.csproj", "{997D72B0-9CED-404D-AE60-39ADF066161D}"
EndProject
Project("{2150E333-8FDC-42A3-9474-1A3956D46DE8}") = "WebServices", "WebServices", "{5DCC7BEF-D006-46B7-AFAD-39F858A3B58B}"
EndProject
Project("{FAE04EC0-301F-11D3-BF4B-00C04F79EFBC}") = "GRESWorkflowDesigner", "WorkflowDesigner\GRESWorkflowDesigner.csproj", "{44FCE0C4-7C02-4E5D-8888-AD5A04D37DD3}"
EndProject
Project("{FAE04EC0-301F-11D3-BF4B-00C04F79EFBC}") = "Convergence.Api", "Convergence.Api\Convergence.Api.csproj", "{93028B52-ED71-49E2-947E-8C494C0EB8A7}"
EndProject
Project("{FAE04EC0-301F-11D3-BF4B-00C04F79EFBC}") = "FileServiceConsole", "FileServiceConsole\FileServiceConsole.csproj", "{2C29A0D8-92A4-43CE-90CB-6E9B522726AE}"
EndProject
Project("{FAE04EC0-301F-11D3-BF4B-00C04F79EFBC}") = "BulkImportService", "BulkImportService\BulkImportService.csproj", "{84815A05-8C39-49BF-A914-805AE75A2EE6}"
EndProject
Project("{FAE04EC0-301F-11D3-BF4B-00C04F79EFBC}") = "AppEngine.Infrastructure", "AppEngine.Infrastructure\AppEngine.Infrastructure.csproj", "{6B3229E3-3299-4F1F-A328-108F16D623E7}"
EndProject
Project("{FAE04EC0-301F-11D3-BF4B-00C04F79EFBC}") = "AppEngine.Domain", "AppEngine.Domain\AppEngine.Domain.csproj", "{CA8A1ECD-ED97-4246-A433-025A36707BF8}"
EndProject
Project("{FAE04EC0-301F-11D3-BF4B-00C04F79EFBC}") = "AppEngine.DTO", "AppEngine.DTO\AppEngine.DTO.csproj", "{78E36411-D5D4-49E9-908F-5FF2E3BFBFC1}"
EndProject
Project("{FAE04EC0-301F-11D3-BF4B-00C04F79EFBC}") = "AppEngine.Common", "AppEngine.Common\AppEngine.Common.csproj", "{BCFBDEA6-50A9-477F-A3AB-EB4BB3E3E3CB}"
EndProject
Project("{FAE04EC0-301F-11D3-BF4B-00C04F79EFBC}") = "GRESAdmin", "AppAdmin\GRESAdmin.csproj", "{3FFAADE8-A751-4B01-A166-87B944FCAF73}"
EndProject
Project("{FAE04EC0-301F-11D3-BF4B-00C04F79EFBC}") = "Convergence.FolderWatcherService", "Convergence.FolderWatcherService\Convergence.FolderWatcherService.csproj", "{B074FF95-790E-476D-B8A0-2D246F61A4DB}"
EndProject
Project("{FAE04EC0-301F-11D3-BF4B-00C04F79EFBC}") = "AppEngineWebService", "AppEngineWebService\AppEngineWebService.csproj", "{5567F4F1-87F2-4C4F-99EB-99A7DE283229}"
EndProject
Project("{FAE04EC0-301F-11D3-BF4B-00C04F79EFBC}") = "XMLExtract", "XMLExtract\XMLExtract.csproj", "{768588F1-9CBF-44A4-9D9E-81F4C704F1E7}"
EndProject
Project("{2150E333-8FDC-42A3-9474-1A3956D46DE8}") = "WindowsServices", "WindowsServices", "{7F8A53F3-DCF1-4866-9FB0-200A9385080B}"
EndProject
Project("{FAE04EC0-301F-11D3-BF4B-00C04F79EFBC}") = "Convergence.TimerServiceEngine", "Convergence.TimerServiceEngine\Convergence.TimerServiceEngine.csproj", "{92788B91-4341-4FE2-9D92-79F3435DB4C0}"
EndProject
Project("{FAE04EC0-301F-11D3-BF4B-00C04F79EFBC}") = "Convergence.TimerService", "Convergence.TimerService\Convergence.TimerService.csproj", "{047A25AE-0450-4EFD-AB19-A5F6FDFF9CF6}"
EndProject
Project("{FAE04EC0-301F-11D3-BF4B-00C04F79EFBC}") = "Convergence.TimerMessage", "Convergence.TimerMessage\Convergence.TimerMessage.csproj", "{89C9DEEA-F10D-46E4-882E-6A22271926A6}"
EndProject
Global
	GlobalSection(SolutionConfigurationPlatforms) = preSolution
		All|Any CPU = All|Any CPU
		All|x86 = All|x86
		Debug XMLExtract|Any CPU = Debug XMLExtract|Any CPU
		Debug XMLExtract|x86 = Debug XMLExtract|x86
		Debug|Any CPU = Debug|Any CPU
		Debug|x86 = Debug|x86
		Release XMLExtract|Any CPU = Release XMLExtract|Any CPU
		Release XMLExtract|x86 = Release XMLExtract|x86
		Release|Any CPU = Release|Any CPU
		Release|x86 = Release|x86
		wfTest|Any CPU = wfTest|Any CPU
		wfTest|x86 = wfTest|x86
		XMLExtract|Any CPU = XMLExtract|Any CPU
		XMLExtract|x86 = XMLExtract|x86
	EndGlobalSection
	GlobalSection(ProjectConfigurationPlatforms) = postSolution
		{34CF129C-5A04-47B1-88CA-408C3F9E46E4}.All|Any CPU.ActiveCfg = wfTest|Any CPU
		{34CF129C-5A04-47B1-88CA-408C3F9E46E4}.All|Any CPU.Build.0 = wfTest|Any CPU
		{34CF129C-5A04-47B1-88CA-408C3F9E46E4}.All|x86.ActiveCfg = wfTest|x86
		{34CF129C-5A04-47B1-88CA-408C3F9E46E4}.All|x86.Build.0 = wfTest|x86
		{34CF129C-5A04-47B1-88CA-408C3F9E46E4}.Debug XMLExtract|Any CPU.ActiveCfg = Debug|Any CPU
		{34CF129C-5A04-47B1-88CA-408C3F9E46E4}.Debug XMLExtract|Any CPU.Build.0 = Debug|Any CPU
		{34CF129C-5A04-47B1-88CA-408C3F9E46E4}.Debug XMLExtract|x86.ActiveCfg = Debug|x86
		{34CF129C-5A04-47B1-88CA-408C3F9E46E4}.Debug XMLExtract|x86.Build.0 = Debug|x86
		{34CF129C-5A04-47B1-88CA-408C3F9E46E4}.Debug|Any CPU.ActiveCfg = Debug|Any CPU
		{34CF129C-5A04-47B1-88CA-408C3F9E46E4}.Debug|Any CPU.Build.0 = Debug|Any CPU
		{34CF129C-5A04-47B1-88CA-408C3F9E46E4}.Debug|x86.ActiveCfg = Debug|x86
		{34CF129C-5A04-47B1-88CA-408C3F9E46E4}.Debug|x86.Build.0 = Debug|x86
		{34CF129C-5A04-47B1-88CA-408C3F9E46E4}.Release XMLExtract|Any CPU.ActiveCfg = Release|Any CPU
		{34CF129C-5A04-47B1-88CA-408C3F9E46E4}.Release XMLExtract|Any CPU.Build.0 = Release|Any CPU
		{34CF129C-5A04-47B1-88CA-408C3F9E46E4}.Release XMLExtract|x86.ActiveCfg = Release|x86
		{34CF129C-5A04-47B1-88CA-408C3F9E46E4}.Release XMLExtract|x86.Build.0 = Release|x86
		{34CF129C-5A04-47B1-88CA-408C3F9E46E4}.Release|Any CPU.ActiveCfg = Release|Any CPU
		{34CF129C-5A04-47B1-88CA-408C3F9E46E4}.Release|Any CPU.Build.0 = Release|Any CPU
		{34CF129C-5A04-47B1-88CA-408C3F9E46E4}.Release|x86.ActiveCfg = Release|x86
		{34CF129C-5A04-47B1-88CA-408C3F9E46E4}.Release|x86.Build.0 = Release|x86
		{34CF129C-5A04-47B1-88CA-408C3F9E46E4}.wfTest|Any CPU.ActiveCfg = wfTest|Any CPU
		{34CF129C-5A04-47B1-88CA-408C3F9E46E4}.wfTest|Any CPU.Build.0 = wfTest|Any CPU
		{34CF129C-5A04-47B1-88CA-408C3F9E46E4}.wfTest|x86.ActiveCfg = wfTest|x86
		{34CF129C-5A04-47B1-88CA-408C3F9E46E4}.wfTest|x86.Build.0 = wfTest|x86
		{34CF129C-5A04-47B1-88CA-408C3F9E46E4}.XMLExtract|Any CPU.ActiveCfg = Release|Any CPU
		{34CF129C-5A04-47B1-88CA-408C3F9E46E4}.XMLExtract|Any CPU.Build.0 = Release|Any CPU
		{34CF129C-5A04-47B1-88CA-408C3F9E46E4}.XMLExtract|x86.ActiveCfg = Release|x86
		{34CF129C-5A04-47B1-88CA-408C3F9E46E4}.XMLExtract|x86.Build.0 = Release|x86
		{0DE5D271-72A3-4167-AA32-1900FBCE6CB5}.All|Any CPU.ActiveCfg = Release|Any CPU
		{0DE5D271-72A3-4167-AA32-1900FBCE6CB5}.All|Any CPU.Build.0 = Release|Any CPU
		{0DE5D271-72A3-4167-AA32-1900FBCE6CB5}.All|x86.ActiveCfg = Debug|Any CPU
		{0DE5D271-72A3-4167-AA32-1900FBCE6CB5}.All|x86.Build.0 = Debug|Any CPU
		{0DE5D271-72A3-4167-AA32-1900FBCE6CB5}.Debug XMLExtract|Any CPU.ActiveCfg = Debug|Any CPU
		{0DE5D271-72A3-4167-AA32-1900FBCE6CB5}.Debug XMLExtract|Any CPU.Build.0 = Debug|Any CPU
		{0DE5D271-72A3-4167-AA32-1900FBCE6CB5}.Debug XMLExtract|x86.ActiveCfg = Debug|Any CPU
		{0DE5D271-72A3-4167-AA32-1900FBCE6CB5}.Debug XMLExtract|x86.Build.0 = Debug|Any CPU
		{0DE5D271-72A3-4167-AA32-1900FBCE6CB5}.Debug|Any CPU.ActiveCfg = Debug|Any CPU
		{0DE5D271-72A3-4167-AA32-1900FBCE6CB5}.Debug|Any CPU.Build.0 = Debug|Any CPU
		{0DE5D271-72A3-4167-AA32-1900FBCE6CB5}.Debug|x86.ActiveCfg = Debug|Any CPU
		{0DE5D271-72A3-4167-AA32-1900FBCE6CB5}.Debug|x86.Build.0 = Debug|Any CPU
		{0DE5D271-72A3-4167-AA32-1900FBCE6CB5}.Release XMLExtract|Any CPU.ActiveCfg = Release|Any CPU
		{0DE5D271-72A3-4167-AA32-1900FBCE6CB5}.Release XMLExtract|Any CPU.Build.0 = Release|Any CPU
		{0DE5D271-72A3-4167-AA32-1900FBCE6CB5}.Release XMLExtract|x86.ActiveCfg = Release|Any CPU
		{0DE5D271-72A3-4167-AA32-1900FBCE6CB5}.Release XMLExtract|x86.Build.0 = Release|Any CPU
		{0DE5D271-72A3-4167-AA32-1900FBCE6CB5}.Release|Any CPU.ActiveCfg = Release|Any CPU
		{0DE5D271-72A3-4167-AA32-1900FBCE6CB5}.Release|Any CPU.Build.0 = Release|Any CPU
		{0DE5D271-72A3-4167-AA32-1900FBCE6CB5}.Release|x86.ActiveCfg = Release|Any CPU
		{0DE5D271-72A3-4167-AA32-1900FBCE6CB5}.Release|x86.Build.0 = Release|Any CPU
		{0DE5D271-72A3-4167-AA32-1900FBCE6CB5}.wfTest|Any CPU.ActiveCfg = Debug|Any CPU
		{0DE5D271-72A3-4167-AA32-1900FBCE6CB5}.wfTest|Any CPU.Build.0 = Debug|Any CPU
		{0DE5D271-72A3-4167-AA32-1900FBCE6CB5}.wfTest|x86.ActiveCfg = Debug|Any CPU
		{0DE5D271-72A3-4167-AA32-1900FBCE6CB5}.wfTest|x86.Build.0 = Debug|Any CPU
		{0DE5D271-72A3-4167-AA32-1900FBCE6CB5}.XMLExtract|Any CPU.ActiveCfg = Debug|Any CPU
		{0DE5D271-72A3-4167-AA32-1900FBCE6CB5}.XMLExtract|Any CPU.Build.0 = Debug|Any CPU
		{0DE5D271-72A3-4167-AA32-1900FBCE6CB5}.XMLExtract|x86.ActiveCfg = Debug|Any CPU
		{0DE5D271-72A3-4167-AA32-1900FBCE6CB5}.XMLExtract|x86.Build.0 = Debug|Any CPU
		{842BA665-0A8E-422E-A627-12EF1C7A1B02}.All|Any CPU.ActiveCfg = Release|Any CPU
		{842BA665-0A8E-422E-A627-12EF1C7A1B02}.All|Any CPU.Build.0 = Release|Any CPU
		{842BA665-0A8E-422E-A627-12EF1C7A1B02}.All|x86.ActiveCfg = Debug|Any CPU
		{842BA665-0A8E-422E-A627-12EF1C7A1B02}.All|x86.Build.0 = Debug|Any CPU
		{842BA665-0A8E-422E-A627-12EF1C7A1B02}.Debug XMLExtract|Any CPU.ActiveCfg = Debug|Any CPU
		{842BA665-0A8E-422E-A627-12EF1C7A1B02}.Debug XMLExtract|Any CPU.Build.0 = Debug|Any CPU
		{842BA665-0A8E-422E-A627-12EF1C7A1B02}.Debug XMLExtract|x86.ActiveCfg = Debug|Any CPU
		{842BA665-0A8E-422E-A627-12EF1C7A1B02}.Debug XMLExtract|x86.Build.0 = Debug|Any CPU
		{842BA665-0A8E-422E-A627-12EF1C7A1B02}.Debug|Any CPU.ActiveCfg = Debug|Any CPU
		{842BA665-0A8E-422E-A627-12EF1C7A1B02}.Debug|Any CPU.Build.0 = Debug|Any CPU
		{842BA665-0A8E-422E-A627-12EF1C7A1B02}.Debug|x86.ActiveCfg = Debug|Any CPU
		{842BA665-0A8E-422E-A627-12EF1C7A1B02}.Debug|x86.Build.0 = Debug|Any CPU
		{842BA665-0A8E-422E-A627-12EF1C7A1B02}.Release XMLExtract|Any CPU.ActiveCfg = Release|Any CPU
		{842BA665-0A8E-422E-A627-12EF1C7A1B02}.Release XMLExtract|Any CPU.Build.0 = Release|Any CPU
		{842BA665-0A8E-422E-A627-12EF1C7A1B02}.Release XMLExtract|x86.ActiveCfg = Release|Any CPU
		{842BA665-0A8E-422E-A627-12EF1C7A1B02}.Release XMLExtract|x86.Build.0 = Release|Any CPU
		{842BA665-0A8E-422E-A627-12EF1C7A1B02}.Release|Any CPU.ActiveCfg = Release|Any CPU
		{842BA665-0A8E-422E-A627-12EF1C7A1B02}.Release|Any CPU.Build.0 = Release|Any CPU
		{842BA665-0A8E-422E-A627-12EF1C7A1B02}.Release|x86.ActiveCfg = Release|Any CPU
		{842BA665-0A8E-422E-A627-12EF1C7A1B02}.Release|x86.Build.0 = Release|Any CPU
		{842BA665-0A8E-422E-A627-12EF1C7A1B02}.wfTest|Any CPU.ActiveCfg = Debug|Any CPU
		{842BA665-0A8E-422E-A627-12EF1C7A1B02}.wfTest|Any CPU.Build.0 = Debug|Any CPU
		{842BA665-0A8E-422E-A627-12EF1C7A1B02}.wfTest|x86.ActiveCfg = Debug|Any CPU
		{842BA665-0A8E-422E-A627-12EF1C7A1B02}.wfTest|x86.Build.0 = Debug|Any CPU
		{842BA665-0A8E-422E-A627-12EF1C7A1B02}.XMLExtract|Any CPU.ActiveCfg = Debug|Any CPU
		{842BA665-0A8E-422E-A627-12EF1C7A1B02}.XMLExtract|Any CPU.Build.0 = Debug|Any CPU
		{842BA665-0A8E-422E-A627-12EF1C7A1B02}.XMLExtract|x86.ActiveCfg = Debug|Any CPU
		{842BA665-0A8E-422E-A627-12EF1C7A1B02}.XMLExtract|x86.Build.0 = Debug|Any CPU
		{111D520D-BD49-4D55-B42D-AC0C335E43F1}.All|Any CPU.ActiveCfg = Release|Any CPU
		{111D520D-BD49-4D55-B42D-AC0C335E43F1}.All|Any CPU.Build.0 = Release|Any CPU
		{111D520D-BD49-4D55-B42D-AC0C335E43F1}.All|x86.ActiveCfg = Debug|Any CPU
		{111D520D-BD49-4D55-B42D-AC0C335E43F1}.Debug XMLExtract|Any CPU.ActiveCfg = Debug|Any CPU
		{111D520D-BD49-4D55-B42D-AC0C335E43F1}.Debug XMLExtract|Any CPU.Build.0 = Debug|Any CPU
		{111D520D-BD49-4D55-B42D-AC0C335E43F1}.Debug XMLExtract|x86.ActiveCfg = Debug|Any CPU
		{111D520D-BD49-4D55-B42D-AC0C335E43F1}.Debug XMLExtract|x86.Build.0 = Debug|Any CPU
		{111D520D-BD49-4D55-B42D-AC0C335E43F1}.Debug|Any CPU.ActiveCfg = Debug|Any CPU
		{111D520D-BD49-4D55-B42D-AC0C335E43F1}.Debug|Any CPU.Build.0 = Debug|Any CPU
		{111D520D-BD49-4D55-B42D-AC0C335E43F1}.Debug|x86.ActiveCfg = Debug|Any CPU
		{111D520D-BD49-4D55-B42D-AC0C335E43F1}.Release XMLExtract|Any CPU.ActiveCfg = Release|Any CPU
		{111D520D-BD49-4D55-B42D-AC0C335E43F1}.Release XMLExtract|Any CPU.Build.0 = Release|Any CPU
		{111D520D-BD49-4D55-B42D-AC0C335E43F1}.Release XMLExtract|x86.ActiveCfg = Release|Any CPU
		{111D520D-BD49-4D55-B42D-AC0C335E43F1}.Release XMLExtract|x86.Build.0 = Release|Any CPU
		{111D520D-BD49-4D55-B42D-AC0C335E43F1}.Release|Any CPU.ActiveCfg = Release|Any CPU
		{111D520D-BD49-4D55-B42D-AC0C335E43F1}.Release|Any CPU.Build.0 = Release|Any CPU
		{111D520D-BD49-4D55-B42D-AC0C335E43F1}.Release|x86.ActiveCfg = Release|Any CPU
		{111D520D-BD49-4D55-B42D-AC0C335E43F1}.wfTest|Any CPU.ActiveCfg = Debug|Any CPU
		{111D520D-BD49-4D55-B42D-AC0C335E43F1}.wfTest|x86.ActiveCfg = Debug|Any CPU
		{111D520D-BD49-4D55-B42D-AC0C335E43F1}.XMLExtract|Any CPU.ActiveCfg = Debug|Any CPU
		{111D520D-BD49-4D55-B42D-AC0C335E43F1}.XMLExtract|Any CPU.Build.0 = Debug|Any CPU
		{111D520D-BD49-4D55-B42D-AC0C335E43F1}.XMLExtract|x86.ActiveCfg = Debug|Any CPU
		{111D520D-BD49-4D55-B42D-AC0C335E43F1}.XMLExtract|x86.Build.0 = Debug|Any CPU
		{997D72B0-9CED-404D-AE60-39ADF066161D}.All|Any CPU.ActiveCfg = Release|Any CPU
		{997D72B0-9CED-404D-AE60-39ADF066161D}.All|Any CPU.Build.0 = Release|Any CPU
		{997D72B0-9CED-404D-AE60-39ADF066161D}.All|x86.ActiveCfg = Debug|Any CPU
		{997D72B0-9CED-404D-AE60-39ADF066161D}.All|x86.Build.0 = Debug|Any CPU
		{997D72B0-9CED-404D-AE60-39ADF066161D}.Debug XMLExtract|Any CPU.ActiveCfg = Debug|Any CPU
		{997D72B0-9CED-404D-AE60-39ADF066161D}.Debug XMLExtract|Any CPU.Build.0 = Debug|Any CPU
		{997D72B0-9CED-404D-AE60-39ADF066161D}.Debug XMLExtract|x86.ActiveCfg = Debug|Any CPU
		{997D72B0-9CED-404D-AE60-39ADF066161D}.Debug XMLExtract|x86.Build.0 = Debug|Any CPU
		{997D72B0-9CED-404D-AE60-39ADF066161D}.Debug|Any CPU.ActiveCfg = Debug|Any CPU
		{997D72B0-9CED-404D-AE60-39ADF066161D}.Debug|Any CPU.Build.0 = Debug|Any CPU
		{997D72B0-9CED-404D-AE60-39ADF066161D}.Debug|x86.ActiveCfg = Debug|Any CPU
		{997D72B0-9CED-404D-AE60-39ADF066161D}.Debug|x86.Build.0 = Debug|Any CPU
		{997D72B0-9CED-404D-AE60-39ADF066161D}.Release XMLExtract|Any CPU.ActiveCfg = Release|Any CPU
		{997D72B0-9CED-404D-AE60-39ADF066161D}.Release XMLExtract|Any CPU.Build.0 = Release|Any CPU
		{997D72B0-9CED-404D-AE60-39ADF066161D}.Release XMLExtract|x86.ActiveCfg = Release|Any CPU
		{997D72B0-9CED-404D-AE60-39ADF066161D}.Release XMLExtract|x86.Build.0 = Release|Any CPU
		{997D72B0-9CED-404D-AE60-39ADF066161D}.Release|Any CPU.ActiveCfg = Release|Any CPU
		{997D72B0-9CED-404D-AE60-39ADF066161D}.Release|Any CPU.Build.0 = Release|Any CPU
		{997D72B0-9CED-404D-AE60-39ADF066161D}.Release|x86.ActiveCfg = Release|Any CPU
		{997D72B0-9CED-404D-AE60-39ADF066161D}.Release|x86.Build.0 = Release|Any CPU
		{997D72B0-9CED-404D-AE60-39ADF066161D}.wfTest|Any CPU.ActiveCfg = Debug|Any CPU
		{997D72B0-9CED-404D-AE60-39ADF066161D}.wfTest|Any CPU.Build.0 = Debug|Any CPU
		{997D72B0-9CED-404D-AE60-39ADF066161D}.wfTest|x86.ActiveCfg = Debug|Any CPU
		{997D72B0-9CED-404D-AE60-39ADF066161D}.wfTest|x86.Build.0 = Debug|Any CPU
		{997D72B0-9CED-404D-AE60-39ADF066161D}.XMLExtract|Any CPU.ActiveCfg = Debug|Any CPU
		{997D72B0-9CED-404D-AE60-39ADF066161D}.XMLExtract|Any CPU.Build.0 = Debug|Any CPU
		{997D72B0-9CED-404D-AE60-39ADF066161D}.XMLExtract|x86.ActiveCfg = Debug|Any CPU
		{997D72B0-9CED-404D-AE60-39ADF066161D}.XMLExtract|x86.Build.0 = Debug|Any CPU
		{44FCE0C4-7C02-4E5D-8888-AD5A04D37DD3}.All|Any CPU.ActiveCfg = wfTest|x86
		{44FCE0C4-7C02-4E5D-8888-AD5A04D37DD3}.All|Any CPU.Build.0 = wfTest|x86
		{44FCE0C4-7C02-4E5D-8888-AD5A04D37DD3}.All|x86.ActiveCfg = wfTest|x86
		{44FCE0C4-7C02-4E5D-8888-AD5A04D37DD3}.All|x86.Build.0 = wfTest|x86
		{44FCE0C4-7C02-4E5D-8888-AD5A04D37DD3}.Debug XMLExtract|Any CPU.ActiveCfg = Release|x86
		{44FCE0C4-7C02-4E5D-8888-AD5A04D37DD3}.Debug XMLExtract|Any CPU.Build.0 = Release|x86
		{44FCE0C4-7C02-4E5D-8888-AD5A04D37DD3}.Debug XMLExtract|x86.ActiveCfg = Debug|x86
		{44FCE0C4-7C02-4E5D-8888-AD5A04D37DD3}.Debug XMLExtract|x86.Build.0 = Debug|x86
		{44FCE0C4-7C02-4E5D-8888-AD5A04D37DD3}.Debug|Any CPU.ActiveCfg = Debug|x86
		{44FCE0C4-7C02-4E5D-8888-AD5A04D37DD3}.Debug|x86.ActiveCfg = Debug|x86
		{44FCE0C4-7C02-4E5D-8888-AD5A04D37DD3}.Debug|x86.Build.0 = Debug|x86
		{44FCE0C4-7C02-4E5D-8888-AD5A04D37DD3}.Release XMLExtract|Any CPU.ActiveCfg = Release|x86
		{44FCE0C4-7C02-4E5D-8888-AD5A04D37DD3}.Release XMLExtract|Any CPU.Build.0 = Release|x86
		{44FCE0C4-7C02-4E5D-8888-AD5A04D37DD3}.Release XMLExtract|x86.ActiveCfg = Release|x86
		{44FCE0C4-7C02-4E5D-8888-AD5A04D37DD3}.Release XMLExtract|x86.Build.0 = Release|x86
		{44FCE0C4-7C02-4E5D-8888-AD5A04D37DD3}.Release|Any CPU.ActiveCfg = Release|x86
		{44FCE0C4-7C02-4E5D-8888-AD5A04D37DD3}.Release|x86.ActiveCfg = Release|x86
		{44FCE0C4-7C02-4E5D-8888-AD5A04D37DD3}.Release|x86.Build.0 = Release|x86
		{44FCE0C4-7C02-4E5D-8888-AD5A04D37DD3}.wfTest|Any CPU.ActiveCfg = wfTest|x86
		{44FCE0C4-7C02-4E5D-8888-AD5A04D37DD3}.wfTest|x86.ActiveCfg = wfTest|x86
		{44FCE0C4-7C02-4E5D-8888-AD5A04D37DD3}.wfTest|x86.Build.0 = wfTest|x86
		{44FCE0C4-7C02-4E5D-8888-AD5A04D37DD3}.XMLExtract|Any CPU.ActiveCfg = Release|x86
		{44FCE0C4-7C02-4E5D-8888-AD5A04D37DD3}.XMLExtract|Any CPU.Build.0 = Release|x86
		{44FCE0C4-7C02-4E5D-8888-AD5A04D37DD3}.XMLExtract|x86.ActiveCfg = Release|x86
		{44FCE0C4-7C02-4E5D-8888-AD5A04D37DD3}.XMLExtract|x86.Build.0 = Release|x86
		{93028B52-ED71-49E2-947E-8C494C0EB8A7}.All|Any CPU.ActiveCfg = Release|Any CPU
		{93028B52-ED71-49E2-947E-8C494C0EB8A7}.All|Any CPU.Build.0 = Release|Any CPU
		{93028B52-ED71-49E2-947E-8C494C0EB8A7}.All|x86.ActiveCfg = Release|Any CPU
		{93028B52-ED71-49E2-947E-8C494C0EB8A7}.All|x86.Build.0 = Release|Any CPU
		{93028B52-ED71-49E2-947E-8C494C0EB8A7}.Debug XMLExtract|Any CPU.ActiveCfg = Debug|Any CPU
		{93028B52-ED71-49E2-947E-8C494C0EB8A7}.Debug XMLExtract|Any CPU.Build.0 = Debug|Any CPU
		{93028B52-ED71-49E2-947E-8C494C0EB8A7}.Debug XMLExtract|x86.ActiveCfg = Debug|Any CPU
		{93028B52-ED71-49E2-947E-8C494C0EB8A7}.Debug XMLExtract|x86.Build.0 = Debug|Any CPU
		{93028B52-ED71-49E2-947E-8C494C0EB8A7}.Debug|Any CPU.ActiveCfg = Debug|Any CPU
		{93028B52-ED71-49E2-947E-8C494C0EB8A7}.Debug|Any CPU.Build.0 = Debug|Any CPU
		{93028B52-ED71-49E2-947E-8C494C0EB8A7}.Debug|x86.ActiveCfg = Debug|Any CPU
		{93028B52-ED71-49E2-947E-8C494C0EB8A7}.Debug|x86.Build.0 = Debug|Any CPU
		{93028B52-ED71-49E2-947E-8C494C0EB8A7}.Release XMLExtract|Any CPU.ActiveCfg = Release|Any CPU
		{93028B52-ED71-49E2-947E-8C494C0EB8A7}.Release XMLExtract|Any CPU.Build.0 = Release|Any CPU
		{93028B52-ED71-49E2-947E-8C494C0EB8A7}.Release XMLExtract|x86.ActiveCfg = Release|Any CPU
		{93028B52-ED71-49E2-947E-8C494C0EB8A7}.Release XMLExtract|x86.Build.0 = Release|Any CPU
		{93028B52-ED71-49E2-947E-8C494C0EB8A7}.Release|Any CPU.ActiveCfg = Release|Any CPU
		{93028B52-ED71-49E2-947E-8C494C0EB8A7}.Release|Any CPU.Build.0 = Release|Any CPU
		{93028B52-ED71-49E2-947E-8C494C0EB8A7}.Release|x86.ActiveCfg = Release|Any CPU
		{93028B52-ED71-49E2-947E-8C494C0EB8A7}.Release|x86.Build.0 = Release|Any CPU
		{93028B52-ED71-49E2-947E-8C494C0EB8A7}.wfTest|Any CPU.ActiveCfg = Release|Any CPU
		{93028B52-ED71-49E2-947E-8C494C0EB8A7}.wfTest|Any CPU.Build.0 = Release|Any CPU
		{93028B52-ED71-49E2-947E-8C494C0EB8A7}.wfTest|x86.ActiveCfg = Release|Any CPU
		{93028B52-ED71-49E2-947E-8C494C0EB8A7}.wfTest|x86.Build.0 = Release|Any CPU
		{93028B52-ED71-49E2-947E-8C494C0EB8A7}.XMLExtract|Any CPU.ActiveCfg = Debug|Any CPU
		{93028B52-ED71-49E2-947E-8C494C0EB8A7}.XMLExtract|Any CPU.Build.0 = Debug|Any CPU
		{93028B52-ED71-49E2-947E-8C494C0EB8A7}.XMLExtract|x86.ActiveCfg = Debug|Any CPU
		{93028B52-ED71-49E2-947E-8C494C0EB8A7}.XMLExtract|x86.Build.0 = Debug|Any CPU
		{2C29A0D8-92A4-43CE-90CB-6E9B522726AE}.All|Any CPU.ActiveCfg = Release|Any CPU
		{2C29A0D8-92A4-43CE-90CB-6E9B522726AE}.All|Any CPU.Build.0 = Release|Any CPU
		{2C29A0D8-92A4-43CE-90CB-6E9B522726AE}.All|x86.ActiveCfg = Release|Any CPU
		{2C29A0D8-92A4-43CE-90CB-6E9B522726AE}.All|x86.Build.0 = Release|Any CPU
		{2C29A0D8-92A4-43CE-90CB-6E9B522726AE}.Debug XMLExtract|Any CPU.ActiveCfg = Debug|Any CPU
		{2C29A0D8-92A4-43CE-90CB-6E9B522726AE}.Debug XMLExtract|Any CPU.Build.0 = Debug|Any CPU
		{2C29A0D8-92A4-43CE-90CB-6E9B522726AE}.Debug XMLExtract|x86.ActiveCfg = Debug|Any CPU
		{2C29A0D8-92A4-43CE-90CB-6E9B522726AE}.Debug XMLExtract|x86.Build.0 = Debug|Any CPU
		{2C29A0D8-92A4-43CE-90CB-6E9B522726AE}.Debug|Any CPU.ActiveCfg = Debug|Any CPU
		{2C29A0D8-92A4-43CE-90CB-6E9B522726AE}.Debug|Any CPU.Build.0 = Debug|Any CPU
		{2C29A0D8-92A4-43CE-90CB-6E9B522726AE}.Debug|x86.ActiveCfg = Debug|Any CPU
		{2C29A0D8-92A4-43CE-90CB-6E9B522726AE}.Debug|x86.Build.0 = Debug|Any CPU
		{2C29A0D8-92A4-43CE-90CB-6E9B522726AE}.Release XMLExtract|Any CPU.ActiveCfg = Release|Any CPU
		{2C29A0D8-92A4-43CE-90CB-6E9B522726AE}.Release XMLExtract|Any CPU.Build.0 = Release|Any CPU
		{2C29A0D8-92A4-43CE-90CB-6E9B522726AE}.Release XMLExtract|x86.ActiveCfg = Release|Any CPU
		{2C29A0D8-92A4-43CE-90CB-6E9B522726AE}.Release XMLExtract|x86.Build.0 = Release|Any CPU
		{2C29A0D8-92A4-43CE-90CB-6E9B522726AE}.Release|Any CPU.ActiveCfg = Release|Any CPU
		{2C29A0D8-92A4-43CE-90CB-6E9B522726AE}.Release|Any CPU.Build.0 = Release|Any CPU
		{2C29A0D8-92A4-43CE-90CB-6E9B522726AE}.Release|x86.ActiveCfg = Release|Any CPU
		{2C29A0D8-92A4-43CE-90CB-6E9B522726AE}.Release|x86.Build.0 = Release|Any CPU
		{2C29A0D8-92A4-43CE-90CB-6E9B522726AE}.wfTest|Any CPU.ActiveCfg = Release|Any CPU
		{2C29A0D8-92A4-43CE-90CB-6E9B522726AE}.wfTest|Any CPU.Build.0 = Release|Any CPU
		{2C29A0D8-92A4-43CE-90CB-6E9B522726AE}.wfTest|x86.ActiveCfg = Release|Any CPU
		{2C29A0D8-92A4-43CE-90CB-6E9B522726AE}.wfTest|x86.Build.0 = Release|Any CPU
		{2C29A0D8-92A4-43CE-90CB-6E9B522726AE}.XMLExtract|Any CPU.ActiveCfg = Debug|Any CPU
		{2C29A0D8-92A4-43CE-90CB-6E9B522726AE}.XMLExtract|Any CPU.Build.0 = Debug|Any CPU
		{2C29A0D8-92A4-43CE-90CB-6E9B522726AE}.XMLExtract|x86.ActiveCfg = Debug|Any CPU
		{2C29A0D8-92A4-43CE-90CB-6E9B522726AE}.XMLExtract|x86.Build.0 = Debug|Any CPU
		{84815A05-8C39-49BF-A914-805AE75A2EE6}.All|Any CPU.ActiveCfg = Release|Any CPU
		{84815A05-8C39-49BF-A914-805AE75A2EE6}.All|Any CPU.Build.0 = Release|Any CPU
		{84815A05-8C39-49BF-A914-805AE75A2EE6}.All|x86.ActiveCfg = Release|Any CPU
		{84815A05-8C39-49BF-A914-805AE75A2EE6}.All|x86.Build.0 = Release|Any CPU
		{84815A05-8C39-49BF-A914-805AE75A2EE6}.Debug XMLExtract|Any CPU.ActiveCfg = Debug|Any CPU
		{84815A05-8C39-49BF-A914-805AE75A2EE6}.Debug XMLExtract|Any CPU.Build.0 = Debug|Any CPU
		{84815A05-8C39-49BF-A914-805AE75A2EE6}.Debug XMLExtract|x86.ActiveCfg = Debug|Any CPU
		{84815A05-8C39-49BF-A914-805AE75A2EE6}.Debug XMLExtract|x86.Build.0 = Debug|Any CPU
		{84815A05-8C39-49BF-A914-805AE75A2EE6}.Debug|Any CPU.ActiveCfg = Debug|Any CPU
		{84815A05-8C39-49BF-A914-805AE75A2EE6}.Debug|Any CPU.Build.0 = Debug|Any CPU
		{84815A05-8C39-49BF-A914-805AE75A2EE6}.Debug|x86.ActiveCfg = Debug|Any CPU
		{84815A05-8C39-49BF-A914-805AE75A2EE6}.Debug|x86.Build.0 = Debug|Any CPU
		{84815A05-8C39-49BF-A914-805AE75A2EE6}.Release XMLExtract|Any CPU.ActiveCfg = Release|Any CPU
		{84815A05-8C39-49BF-A914-805AE75A2EE6}.Release XMLExtract|Any CPU.Build.0 = Release|Any CPU
		{84815A05-8C39-49BF-A914-805AE75A2EE6}.Release XMLExtract|x86.ActiveCfg = Release|Any CPU
		{84815A05-8C39-49BF-A914-805AE75A2EE6}.Release XMLExtract|x86.Build.0 = Release|Any CPU
		{84815A05-8C39-49BF-A914-805AE75A2EE6}.Release|Any CPU.ActiveCfg = Release|Any CPU
		{84815A05-8C39-49BF-A914-805AE75A2EE6}.Release|Any CPU.Build.0 = Release|Any CPU
		{84815A05-8C39-49BF-A914-805AE75A2EE6}.Release|x86.ActiveCfg = Release|Any CPU
		{84815A05-8C39-49BF-A914-805AE75A2EE6}.Release|x86.Build.0 = Release|Any CPU
		{84815A05-8C39-49BF-A914-805AE75A2EE6}.wfTest|Any CPU.ActiveCfg = Release|Any CPU
		{84815A05-8C39-49BF-A914-805AE75A2EE6}.wfTest|Any CPU.Build.0 = Release|Any CPU
		{84815A05-8C39-49BF-A914-805AE75A2EE6}.wfTest|x86.ActiveCfg = Release|Any CPU
		{84815A05-8C39-49BF-A914-805AE75A2EE6}.wfTest|x86.Build.0 = Release|Any CPU
		{84815A05-8C39-49BF-A914-805AE75A2EE6}.XMLExtract|Any CPU.ActiveCfg = Debug|Any CPU
		{84815A05-8C39-49BF-A914-805AE75A2EE6}.XMLExtract|Any CPU.Build.0 = Debug|Any CPU
		{84815A05-8C39-49BF-A914-805AE75A2EE6}.XMLExtract|x86.ActiveCfg = Debug|Any CPU
		{84815A05-8C39-49BF-A914-805AE75A2EE6}.XMLExtract|x86.Build.0 = Debug|Any CPU
		{6B3229E3-3299-4F1F-A328-108F16D623E7}.All|Any CPU.ActiveCfg = Release|Any CPU
		{6B3229E3-3299-4F1F-A328-108F16D623E7}.All|Any CPU.Build.0 = Release|Any CPU
		{6B3229E3-3299-4F1F-A328-108F16D623E7}.All|x86.ActiveCfg = Release|Any CPU
		{6B3229E3-3299-4F1F-A328-108F16D623E7}.All|x86.Build.0 = Release|Any CPU
		{6B3229E3-3299-4F1F-A328-108F16D623E7}.Debug XMLExtract|Any CPU.ActiveCfg = Debug|Any CPU
		{6B3229E3-3299-4F1F-A328-108F16D623E7}.Debug XMLExtract|Any CPU.Build.0 = Debug|Any CPU
		{6B3229E3-3299-4F1F-A328-108F16D623E7}.Debug XMLExtract|x86.ActiveCfg = Debug|Any CPU
		{6B3229E3-3299-4F1F-A328-108F16D623E7}.Debug XMLExtract|x86.Build.0 = Debug|Any CPU
		{6B3229E3-3299-4F1F-A328-108F16D623E7}.Debug|Any CPU.ActiveCfg = Debug|Any CPU
		{6B3229E3-3299-4F1F-A328-108F16D623E7}.Debug|Any CPU.Build.0 = Debug|Any CPU
		{6B3229E3-3299-4F1F-A328-108F16D623E7}.Debug|x86.ActiveCfg = Debug|Any CPU
		{6B3229E3-3299-4F1F-A328-108F16D623E7}.Debug|x86.Build.0 = Debug|Any CPU
		{6B3229E3-3299-4F1F-A328-108F16D623E7}.Release XMLExtract|Any CPU.ActiveCfg = Release|Any CPU
		{6B3229E3-3299-4F1F-A328-108F16D623E7}.Release XMLExtract|Any CPU.Build.0 = Release|Any CPU
		{6B3229E3-3299-4F1F-A328-108F16D623E7}.Release XMLExtract|x86.ActiveCfg = Release|Any CPU
		{6B3229E3-3299-4F1F-A328-108F16D623E7}.Release XMLExtract|x86.Build.0 = Release|Any CPU
		{6B3229E3-3299-4F1F-A328-108F16D623E7}.Release|Any CPU.ActiveCfg = Release|Any CPU
		{6B3229E3-3299-4F1F-A328-108F16D623E7}.Release|Any CPU.Build.0 = Release|Any CPU
		{6B3229E3-3299-4F1F-A328-108F16D623E7}.Release|x86.ActiveCfg = Release|Any CPU
		{6B3229E3-3299-4F1F-A328-108F16D623E7}.Release|x86.Build.0 = Release|Any CPU
		{6B3229E3-3299-4F1F-A328-108F16D623E7}.wfTest|Any CPU.ActiveCfg = Release|Any CPU
		{6B3229E3-3299-4F1F-A328-108F16D623E7}.wfTest|Any CPU.Build.0 = Release|Any CPU
		{6B3229E3-3299-4F1F-A328-108F16D623E7}.wfTest|x86.ActiveCfg = Release|Any CPU
		{6B3229E3-3299-4F1F-A328-108F16D623E7}.wfTest|x86.Build.0 = Release|Any CPU
		{6B3229E3-3299-4F1F-A328-108F16D623E7}.XMLExtract|Any CPU.ActiveCfg = Debug|Any CPU
		{6B3229E3-3299-4F1F-A328-108F16D623E7}.XMLExtract|Any CPU.Build.0 = Debug|Any CPU
		{6B3229E3-3299-4F1F-A328-108F16D623E7}.XMLExtract|x86.ActiveCfg = Debug|Any CPU
		{6B3229E3-3299-4F1F-A328-108F16D623E7}.XMLExtract|x86.Build.0 = Debug|Any CPU
		{CA8A1ECD-ED97-4246-A433-025A36707BF8}.All|Any CPU.ActiveCfg = Release|Any CPU
		{CA8A1ECD-ED97-4246-A433-025A36707BF8}.All|Any CPU.Build.0 = Release|Any CPU
		{CA8A1ECD-ED97-4246-A433-025A36707BF8}.All|x86.ActiveCfg = Release|Any CPU
		{CA8A1ECD-ED97-4246-A433-025A36707BF8}.All|x86.Build.0 = Release|Any CPU
		{CA8A1ECD-ED97-4246-A433-025A36707BF8}.Debug XMLExtract|Any CPU.ActiveCfg = Debug|Any CPU
		{CA8A1ECD-ED97-4246-A433-025A36707BF8}.Debug XMLExtract|Any CPU.Build.0 = Debug|Any CPU
		{CA8A1ECD-ED97-4246-A433-025A36707BF8}.Debug XMLExtract|x86.ActiveCfg = Debug|Any CPU
		{CA8A1ECD-ED97-4246-A433-025A36707BF8}.Debug XMLExtract|x86.Build.0 = Debug|Any CPU
		{CA8A1ECD-ED97-4246-A433-025A36707BF8}.Debug|Any CPU.ActiveCfg = Debug|Any CPU
		{CA8A1ECD-ED97-4246-A433-025A36707BF8}.Debug|Any CPU.Build.0 = Debug|Any CPU
		{CA8A1ECD-ED97-4246-A433-025A36707BF8}.Debug|x86.ActiveCfg = Debug|Any CPU
		{CA8A1ECD-ED97-4246-A433-025A36707BF8}.Debug|x86.Build.0 = Debug|Any CPU
		{CA8A1ECD-ED97-4246-A433-025A36707BF8}.Release XMLExtract|Any CPU.ActiveCfg = Release|Any CPU
		{CA8A1ECD-ED97-4246-A433-025A36707BF8}.Release XMLExtract|Any CPU.Build.0 = Release|Any CPU
		{CA8A1ECD-ED97-4246-A433-025A36707BF8}.Release XMLExtract|x86.ActiveCfg = Release|Any CPU
		{CA8A1ECD-ED97-4246-A433-025A36707BF8}.Release XMLExtract|x86.Build.0 = Release|Any CPU
		{CA8A1ECD-ED97-4246-A433-025A36707BF8}.Release|Any CPU.ActiveCfg = Release|Any CPU
		{CA8A1ECD-ED97-4246-A433-025A36707BF8}.Release|Any CPU.Build.0 = Release|Any CPU
		{CA8A1ECD-ED97-4246-A433-025A36707BF8}.Release|x86.ActiveCfg = Release|Any CPU
		{CA8A1ECD-ED97-4246-A433-025A36707BF8}.Release|x86.Build.0 = Release|Any CPU
		{CA8A1ECD-ED97-4246-A433-025A36707BF8}.wfTest|Any CPU.ActiveCfg = Release|Any CPU
		{CA8A1ECD-ED97-4246-A433-025A36707BF8}.wfTest|Any CPU.Build.0 = Release|Any CPU
		{CA8A1ECD-ED97-4246-A433-025A36707BF8}.wfTest|x86.ActiveCfg = Release|Any CPU
		{CA8A1ECD-ED97-4246-A433-025A36707BF8}.wfTest|x86.Build.0 = Release|Any CPU
		{CA8A1ECD-ED97-4246-A433-025A36707BF8}.XMLExtract|Any CPU.ActiveCfg = Debug|Any CPU
		{CA8A1ECD-ED97-4246-A433-025A36707BF8}.XMLExtract|Any CPU.Build.0 = Debug|Any CPU
		{CA8A1ECD-ED97-4246-A433-025A36707BF8}.XMLExtract|x86.ActiveCfg = Debug|Any CPU
		{CA8A1ECD-ED97-4246-A433-025A36707BF8}.XMLExtract|x86.Build.0 = Debug|Any CPU
		{78E36411-D5D4-49E9-908F-5FF2E3BFBFC1}.All|Any CPU.ActiveCfg = Release|Any CPU
		{78E36411-D5D4-49E9-908F-5FF2E3BFBFC1}.All|Any CPU.Build.0 = Release|Any CPU
		{78E36411-D5D4-49E9-908F-5FF2E3BFBFC1}.All|x86.ActiveCfg = Release|Any CPU
		{78E36411-D5D4-49E9-908F-5FF2E3BFBFC1}.All|x86.Build.0 = Release|Any CPU
		{78E36411-D5D4-49E9-908F-5FF2E3BFBFC1}.Debug XMLExtract|Any CPU.ActiveCfg = Debug|Any CPU
		{78E36411-D5D4-49E9-908F-5FF2E3BFBFC1}.Debug XMLExtract|Any CPU.Build.0 = Debug|Any CPU
		{78E36411-D5D4-49E9-908F-5FF2E3BFBFC1}.Debug XMLExtract|x86.ActiveCfg = Debug|Any CPU
		{78E36411-D5D4-49E9-908F-5FF2E3BFBFC1}.Debug XMLExtract|x86.Build.0 = Debug|Any CPU
		{78E36411-D5D4-49E9-908F-5FF2E3BFBFC1}.Debug|Any CPU.ActiveCfg = Debug|Any CPU
		{78E36411-D5D4-49E9-908F-5FF2E3BFBFC1}.Debug|Any CPU.Build.0 = Debug|Any CPU
		{78E36411-D5D4-49E9-908F-5FF2E3BFBFC1}.Debug|x86.ActiveCfg = Debug|Any CPU
		{78E36411-D5D4-49E9-908F-5FF2E3BFBFC1}.Debug|x86.Build.0 = Debug|Any CPU
		{78E36411-D5D4-49E9-908F-5FF2E3BFBFC1}.Release XMLExtract|Any CPU.ActiveCfg = Release|Any CPU
		{78E36411-D5D4-49E9-908F-5FF2E3BFBFC1}.Release XMLExtract|Any CPU.Build.0 = Release|Any CPU
		{78E36411-D5D4-49E9-908F-5FF2E3BFBFC1}.Release XMLExtract|x86.ActiveCfg = Release|Any CPU
		{78E36411-D5D4-49E9-908F-5FF2E3BFBFC1}.Release XMLExtract|x86.Build.0 = Release|Any CPU
		{78E36411-D5D4-49E9-908F-5FF2E3BFBFC1}.Release|Any CPU.ActiveCfg = Release|Any CPU
		{78E36411-D5D4-49E9-908F-5FF2E3BFBFC1}.Release|Any CPU.Build.0 = Release|Any CPU
		{78E36411-D5D4-49E9-908F-5FF2E3BFBFC1}.Release|x86.ActiveCfg = Release|Any CPU
		{78E36411-D5D4-49E9-908F-5FF2E3BFBFC1}.Release|x86.Build.0 = Release|Any CPU
		{78E36411-D5D4-49E9-908F-5FF2E3BFBFC1}.wfTest|Any CPU.ActiveCfg = Release|Any CPU
		{78E36411-D5D4-49E9-908F-5FF2E3BFBFC1}.wfTest|Any CPU.Build.0 = Release|Any CPU
		{78E36411-D5D4-49E9-908F-5FF2E3BFBFC1}.wfTest|x86.ActiveCfg = Release|Any CPU
		{78E36411-D5D4-49E9-908F-5FF2E3BFBFC1}.wfTest|x86.Build.0 = Release|Any CPU
		{78E36411-D5D4-49E9-908F-5FF2E3BFBFC1}.XMLExtract|Any CPU.ActiveCfg = Debug|Any CPU
		{78E36411-D5D4-49E9-908F-5FF2E3BFBFC1}.XMLExtract|Any CPU.Build.0 = Debug|Any CPU
		{78E36411-D5D4-49E9-908F-5FF2E3BFBFC1}.XMLExtract|x86.ActiveCfg = Debug|Any CPU
		{78E36411-D5D4-49E9-908F-5FF2E3BFBFC1}.XMLExtract|x86.Build.0 = Debug|Any CPU
		{BCFBDEA6-50A9-477F-A3AB-EB4BB3E3E3CB}.All|Any CPU.ActiveCfg = Release|Any CPU
		{BCFBDEA6-50A9-477F-A3AB-EB4BB3E3E3CB}.All|Any CPU.Build.0 = Release|Any CPU
		{BCFBDEA6-50A9-477F-A3AB-EB4BB3E3E3CB}.All|x86.ActiveCfg = Release|Any CPU
		{BCFBDEA6-50A9-477F-A3AB-EB4BB3E3E3CB}.All|x86.Build.0 = Release|Any CPU
		{BCFBDEA6-50A9-477F-A3AB-EB4BB3E3E3CB}.Debug XMLExtract|Any CPU.ActiveCfg = Debug|Any CPU
		{BCFBDEA6-50A9-477F-A3AB-EB4BB3E3E3CB}.Debug XMLExtract|Any CPU.Build.0 = Debug|Any CPU
		{BCFBDEA6-50A9-477F-A3AB-EB4BB3E3E3CB}.Debug XMLExtract|x86.ActiveCfg = Debug|Any CPU
		{BCFBDEA6-50A9-477F-A3AB-EB4BB3E3E3CB}.Debug XMLExtract|x86.Build.0 = Debug|Any CPU
		{BCFBDEA6-50A9-477F-A3AB-EB4BB3E3E3CB}.Debug|Any CPU.ActiveCfg = Debug|Any CPU
		{BCFBDEA6-50A9-477F-A3AB-EB4BB3E3E3CB}.Debug|Any CPU.Build.0 = Debug|Any CPU
		{BCFBDEA6-50A9-477F-A3AB-EB4BB3E3E3CB}.Debug|x86.ActiveCfg = Debug|Any CPU
		{BCFBDEA6-50A9-477F-A3AB-EB4BB3E3E3CB}.Debug|x86.Build.0 = Debug|Any CPU
		{BCFBDEA6-50A9-477F-A3AB-EB4BB3E3E3CB}.Release XMLExtract|Any CPU.ActiveCfg = Release|Any CPU
		{BCFBDEA6-50A9-477F-A3AB-EB4BB3E3E3CB}.Release XMLExtract|Any CPU.Build.0 = Release|Any CPU
		{BCFBDEA6-50A9-477F-A3AB-EB4BB3E3E3CB}.Release XMLExtract|x86.ActiveCfg = Release|Any CPU
		{BCFBDEA6-50A9-477F-A3AB-EB4BB3E3E3CB}.Release XMLExtract|x86.Build.0 = Release|Any CPU
		{BCFBDEA6-50A9-477F-A3AB-EB4BB3E3E3CB}.Release|Any CPU.ActiveCfg = Release|Any CPU
		{BCFBDEA6-50A9-477F-A3AB-EB4BB3E3E3CB}.Release|Any CPU.Build.0 = Release|Any CPU
		{BCFBDEA6-50A9-477F-A3AB-EB4BB3E3E3CB}.Release|x86.ActiveCfg = Release|Any CPU
		{BCFBDEA6-50A9-477F-A3AB-EB4BB3E3E3CB}.Release|x86.Build.0 = Release|Any CPU
		{BCFBDEA6-50A9-477F-A3AB-EB4BB3E3E3CB}.wfTest|Any CPU.ActiveCfg = Release|Any CPU
		{BCFBDEA6-50A9-477F-A3AB-EB4BB3E3E3CB}.wfTest|Any CPU.Build.0 = Release|Any CPU
		{BCFBDEA6-50A9-477F-A3AB-EB4BB3E3E3CB}.wfTest|x86.ActiveCfg = Release|Any CPU
		{BCFBDEA6-50A9-477F-A3AB-EB4BB3E3E3CB}.wfTest|x86.Build.0 = Release|Any CPU
		{BCFBDEA6-50A9-477F-A3AB-EB4BB3E3E3CB}.XMLExtract|Any CPU.ActiveCfg = Debug|Any CPU
		{BCFBDEA6-50A9-477F-A3AB-EB4BB3E3E3CB}.XMLExtract|Any CPU.Build.0 = Debug|Any CPU
		{BCFBDEA6-50A9-477F-A3AB-EB4BB3E3E3CB}.XMLExtract|x86.ActiveCfg = Debug|Any CPU
		{BCFBDEA6-50A9-477F-A3AB-EB4BB3E3E3CB}.XMLExtract|x86.Build.0 = Debug|Any CPU
		{3FFAADE8-A751-4B01-A166-87B944FCAF73}.All|Any CPU.ActiveCfg = Release|Any CPU
		{3FFAADE8-A751-4B01-A166-87B944FCAF73}.All|Any CPU.Build.0 = Release|Any CPU
		{3FFAADE8-A751-4B01-A166-87B944FCAF73}.All|x86.ActiveCfg = Release|Any CPU
		{3FFAADE8-A751-4B01-A166-87B944FCAF73}.All|x86.Build.0 = Release|Any CPU
		{3FFAADE8-A751-4B01-A166-87B944FCAF73}.Debug XMLExtract|Any CPU.ActiveCfg = Debug|Any CPU
		{3FFAADE8-A751-4B01-A166-87B944FCAF73}.Debug XMLExtract|Any CPU.Build.0 = Debug|Any CPU
		{3FFAADE8-A751-4B01-A166-87B944FCAF73}.Debug XMLExtract|x86.ActiveCfg = Debug|Any CPU
		{3FFAADE8-A751-4B01-A166-87B944FCAF73}.Debug XMLExtract|x86.Build.0 = Debug|Any CPU
		{3FFAADE8-A751-4B01-A166-87B944FCAF73}.Debug|Any CPU.ActiveCfg = Debug|Any CPU
		{3FFAADE8-A751-4B01-A166-87B944FCAF73}.Debug|Any CPU.Build.0 = Debug|Any CPU
		{3FFAADE8-A751-4B01-A166-87B944FCAF73}.Debug|x86.ActiveCfg = Debug|Any CPU
		{3FFAADE8-A751-4B01-A166-87B944FCAF73}.Debug|x86.Build.0 = Debug|Any CPU
		{3FFAADE8-A751-4B01-A166-87B944FCAF73}.Release XMLExtract|Any CPU.ActiveCfg = Release|Any CPU
		{3FFAADE8-A751-4B01-A166-87B944FCAF73}.Release XMLExtract|Any CPU.Build.0 = Release|Any CPU
		{3FFAADE8-A751-4B01-A166-87B944FCAF73}.Release XMLExtract|x86.ActiveCfg = Release|Any CPU
		{3FFAADE8-A751-4B01-A166-87B944FCAF73}.Release XMLExtract|x86.Build.0 = Release|Any CPU
		{3FFAADE8-A751-4B01-A166-87B944FCAF73}.Release|Any CPU.ActiveCfg = Release|Any CPU
		{3FFAADE8-A751-4B01-A166-87B944FCAF73}.Release|Any CPU.Build.0 = Release|Any CPU
		{3FFAADE8-A751-4B01-A166-87B944FCAF73}.Release|x86.ActiveCfg = Release|Any CPU
		{3FFAADE8-A751-4B01-A166-87B944FCAF73}.Release|x86.Build.0 = Release|Any CPU
		{3FFAADE8-A751-4B01-A166-87B944FCAF73}.wfTest|Any CPU.ActiveCfg = Release|Any CPU
		{3FFAADE8-A751-4B01-A166-87B944FCAF73}.wfTest|Any CPU.Build.0 = Release|Any CPU
		{3FFAADE8-A751-4B01-A166-87B944FCAF73}.wfTest|x86.ActiveCfg = Release|Any CPU
		{3FFAADE8-A751-4B01-A166-87B944FCAF73}.wfTest|x86.Build.0 = Release|Any CPU
		{3FFAADE8-A751-4B01-A166-87B944FCAF73}.XMLExtract|Any CPU.ActiveCfg = Debug|Any CPU
		{3FFAADE8-A751-4B01-A166-87B944FCAF73}.XMLExtract|Any CPU.Build.0 = Debug|Any CPU
		{3FFAADE8-A751-4B01-A166-87B944FCAF73}.XMLExtract|x86.ActiveCfg = Debug|Any CPU
		{3FFAADE8-A751-4B01-A166-87B944FCAF73}.XMLExtract|x86.Build.0 = Debug|Any CPU
		{B074FF95-790E-476D-B8A0-2D246F61A4DB}.All|Any CPU.ActiveCfg = Debug|Any CPU
		{B074FF95-790E-476D-B8A0-2D246F61A4DB}.All|Any CPU.Build.0 = Debug|Any CPU
		{B074FF95-790E-476D-B8A0-2D246F61A4DB}.All|x86.ActiveCfg = Debug|Any CPU
		{B074FF95-790E-476D-B8A0-2D246F61A4DB}.All|x86.Build.0 = Debug|Any CPU
		{B074FF95-790E-476D-B8A0-2D246F61A4DB}.Debug XMLExtract|Any CPU.ActiveCfg = Debug|Any CPU
		{B074FF95-790E-476D-B8A0-2D246F61A4DB}.Debug XMLExtract|Any CPU.Build.0 = Debug|Any CPU
		{B074FF95-790E-476D-B8A0-2D246F61A4DB}.Debug XMLExtract|x86.ActiveCfg = Debug|Any CPU
		{B074FF95-790E-476D-B8A0-2D246F61A4DB}.Debug XMLExtract|x86.Build.0 = Debug|Any CPU
		{B074FF95-790E-476D-B8A0-2D246F61A4DB}.Debug|Any CPU.ActiveCfg = Debug|Any CPU
		{B074FF95-790E-476D-B8A0-2D246F61A4DB}.Debug|Any CPU.Build.0 = Debug|Any CPU
		{B074FF95-790E-476D-B8A0-2D246F61A4DB}.Debug|x86.ActiveCfg = Debug|Any CPU
		{B074FF95-790E-476D-B8A0-2D246F61A4DB}.Debug|x86.Build.0 = Debug|Any CPU
		{B074FF95-790E-476D-B8A0-2D246F61A4DB}.Release XMLExtract|Any CPU.ActiveCfg = Release|Any CPU
		{B074FF95-790E-476D-B8A0-2D246F61A4DB}.Release XMLExtract|Any CPU.Build.0 = Release|Any CPU
		{B074FF95-790E-476D-B8A0-2D246F61A4DB}.Release XMLExtract|x86.ActiveCfg = Release|Any CPU
		{B074FF95-790E-476D-B8A0-2D246F61A4DB}.Release XMLExtract|x86.Build.0 = Release|Any CPU
		{B074FF95-790E-476D-B8A0-2D246F61A4DB}.Release|Any CPU.ActiveCfg = Release|Any CPU
		{B074FF95-790E-476D-B8A0-2D246F61A4DB}.Release|Any CPU.Build.0 = Release|Any CPU
		{B074FF95-790E-476D-B8A0-2D246F61A4DB}.Release|x86.ActiveCfg = Release|Any CPU
		{B074FF95-790E-476D-B8A0-2D246F61A4DB}.Release|x86.Build.0 = Release|Any CPU
		{B074FF95-790E-476D-B8A0-2D246F61A4DB}.wfTest|Any CPU.ActiveCfg = Debug|Any CPU
		{B074FF95-790E-476D-B8A0-2D246F61A4DB}.wfTest|Any CPU.Build.0 = Debug|Any CPU
		{B074FF95-790E-476D-B8A0-2D246F61A4DB}.wfTest|x86.ActiveCfg = Debug|Any CPU
		{B074FF95-790E-476D-B8A0-2D246F61A4DB}.wfTest|x86.Build.0 = Debug|Any CPU
		{B074FF95-790E-476D-B8A0-2D246F61A4DB}.XMLExtract|Any CPU.ActiveCfg = Release|Any CPU
		{B074FF95-790E-476D-B8A0-2D246F61A4DB}.XMLExtract|Any CPU.Build.0 = Release|Any CPU
		{B074FF95-790E-476D-B8A0-2D246F61A4DB}.XMLExtract|x86.ActiveCfg = Release|Any CPU
		{B074FF95-790E-476D-B8A0-2D246F61A4DB}.XMLExtract|x86.Build.0 = Release|Any CPU
		{5567F4F1-87F2-4C4F-99EB-99A7DE283229}.All|Any CPU.ActiveCfg = Debug|Any CPU
		{5567F4F1-87F2-4C4F-99EB-99A7DE283229}.All|Any CPU.Build.0 = Debug|Any CPU
		{5567F4F1-87F2-4C4F-99EB-99A7DE283229}.All|x86.ActiveCfg = Debug|Any CPU
		{5567F4F1-87F2-4C4F-99EB-99A7DE283229}.All|x86.Build.0 = Debug|Any CPU
		{5567F4F1-87F2-4C4F-99EB-99A7DE283229}.Debug XMLExtract|Any CPU.ActiveCfg = Debug|Any CPU
		{5567F4F1-87F2-4C4F-99EB-99A7DE283229}.Debug XMLExtract|Any CPU.Build.0 = Debug|Any CPU
		{5567F4F1-87F2-4C4F-99EB-99A7DE283229}.Debug XMLExtract|x86.ActiveCfg = Debug|Any CPU
		{5567F4F1-87F2-4C4F-99EB-99A7DE283229}.Debug XMLExtract|x86.Build.0 = Debug|Any CPU
		{5567F4F1-87F2-4C4F-99EB-99A7DE283229}.Debug|Any CPU.ActiveCfg = Debug|Any CPU
		{5567F4F1-87F2-4C4F-99EB-99A7DE283229}.Debug|Any CPU.Build.0 = Debug|Any CPU
		{5567F4F1-87F2-4C4F-99EB-99A7DE283229}.Debug|x86.ActiveCfg = Debug|Any CPU
		{5567F4F1-87F2-4C4F-99EB-99A7DE283229}.Debug|x86.Build.0 = Debug|Any CPU
		{5567F4F1-87F2-4C4F-99EB-99A7DE283229}.Release XMLExtract|Any CPU.ActiveCfg = Release|Any CPU
		{5567F4F1-87F2-4C4F-99EB-99A7DE283229}.Release XMLExtract|Any CPU.Build.0 = Release|Any CPU
		{5567F4F1-87F2-4C4F-99EB-99A7DE283229}.Release XMLExtract|x86.ActiveCfg = Release|Any CPU
		{5567F4F1-87F2-4C4F-99EB-99A7DE283229}.Release XMLExtract|x86.Build.0 = Release|Any CPU
		{5567F4F1-87F2-4C4F-99EB-99A7DE283229}.Release|Any CPU.ActiveCfg = Release|Any CPU
		{5567F4F1-87F2-4C4F-99EB-99A7DE283229}.Release|Any CPU.Build.0 = Release|Any CPU
		{5567F4F1-87F2-4C4F-99EB-99A7DE283229}.Release|x86.ActiveCfg = Release|Any CPU
		{5567F4F1-87F2-4C4F-99EB-99A7DE283229}.Release|x86.Build.0 = Release|Any CPU
		{5567F4F1-87F2-4C4F-99EB-99A7DE283229}.wfTest|Any CPU.ActiveCfg = Debug|Any CPU
		{5567F4F1-87F2-4C4F-99EB-99A7DE283229}.wfTest|Any CPU.Build.0 = Debug|Any CPU
		{5567F4F1-87F2-4C4F-99EB-99A7DE283229}.wfTest|x86.ActiveCfg = Debug|Any CPU
		{5567F4F1-87F2-4C4F-99EB-99A7DE283229}.wfTest|x86.Build.0 = Debug|Any CPU
		{5567F4F1-87F2-4C4F-99EB-99A7DE283229}.XMLExtract|Any CPU.ActiveCfg = Release|Any CPU
		{5567F4F1-87F2-4C4F-99EB-99A7DE283229}.XMLExtract|Any CPU.Build.0 = Release|Any CPU
		{5567F4F1-87F2-4C4F-99EB-99A7DE283229}.XMLExtract|x86.ActiveCfg = Release|Any CPU
		{5567F4F1-87F2-4C4F-99EB-99A7DE283229}.XMLExtract|x86.Build.0 = Release|Any CPU
		{768588F1-9CBF-44A4-9D9E-81F4C704F1E7}.All|Any CPU.ActiveCfg = Debug|x86
		{768588F1-9CBF-44A4-9D9E-81F4C704F1E7}.All|Any CPU.Build.0 = Debug|x86
		{768588F1-9CBF-44A4-9D9E-81F4C704F1E7}.All|x86.ActiveCfg = Debug|x86
		{768588F1-9CBF-44A4-9D9E-81F4C704F1E7}.All|x86.Build.0 = Debug|x86
		{768588F1-9CBF-44A4-9D9E-81F4C704F1E7}.Debug XMLExtract|Any CPU.ActiveCfg = Debug XMLExtract|x86
		{768588F1-9CBF-44A4-9D9E-81F4C704F1E7}.Debug XMLExtract|x86.ActiveCfg = Debug XMLExtract|x86
		{768588F1-9CBF-44A4-9D9E-81F4C704F1E7}.Debug XMLExtract|x86.Build.0 = Debug XMLExtract|x86
		{768588F1-9CBF-44A4-9D9E-81F4C704F1E7}.Debug|Any CPU.ActiveCfg = Debug|x86
		{768588F1-9CBF-44A4-9D9E-81F4C704F1E7}.Debug|x86.ActiveCfg = Debug|x86
		{768588F1-9CBF-44A4-9D9E-81F4C704F1E7}.Debug|x86.Build.0 = Debug|x86
		{768588F1-9CBF-44A4-9D9E-81F4C704F1E7}.Release XMLExtract|Any CPU.ActiveCfg = Release XMLExtract|x86
		{768588F1-9CBF-44A4-9D9E-81F4C704F1E7}.Release XMLExtract|x86.ActiveCfg = Release XMLExtract|x86
		{768588F1-9CBF-44A4-9D9E-81F4C704F1E7}.Release XMLExtract|x86.Build.0 = Release XMLExtract|x86
		{768588F1-9CBF-44A4-9D9E-81F4C704F1E7}.Release|Any CPU.ActiveCfg = Release|x86
		{768588F1-9CBF-44A4-9D9E-81F4C704F1E7}.Release|x86.ActiveCfg = Release|x86
		{768588F1-9CBF-44A4-9D9E-81F4C704F1E7}.Release|x86.Build.0 = Release|x86
		{768588F1-9CBF-44A4-9D9E-81F4C704F1E7}.wfTest|Any CPU.ActiveCfg = Debug|x86
		{768588F1-9CBF-44A4-9D9E-81F4C704F1E7}.wfTest|Any CPU.Build.0 = Debug|x86
		{768588F1-9CBF-44A4-9D9E-81F4C704F1E7}.wfTest|x86.ActiveCfg = Debug|x86
		{768588F1-9CBF-44A4-9D9E-81F4C704F1E7}.wfTest|x86.Build.0 = Debug|x86
		{768588F1-9CBF-44A4-9D9E-81F4C704F1E7}.XMLExtract|Any CPU.ActiveCfg = XMLExtract|x86
		{768588F1-9CBF-44A4-9D9E-81F4C704F1E7}.XMLExtract|x86.ActiveCfg = XMLExtract|x86
		{768588F1-9CBF-44A4-9D9E-81F4C704F1E7}.XMLExtract|x86.Build.0 = XMLExtract|x86
		{92788B91-4341-4FE2-9D92-79F3435DB4C0}.All|Any CPU.ActiveCfg = Debug|Any CPU
		{92788B91-4341-4FE2-9D92-79F3435DB4C0}.All|Any CPU.Build.0 = Debug|Any CPU
		{92788B91-4341-4FE2-9D92-79F3435DB4C0}.All|x86.ActiveCfg = Debug|Any CPU
		{92788B91-4341-4FE2-9D92-79F3435DB4C0}.All|x86.Build.0 = Debug|Any CPU
		{92788B91-4341-4FE2-9D92-79F3435DB4C0}.Debug XMLExtract|Any CPU.ActiveCfg = Debug|Any CPU
		{92788B91-4341-4FE2-9D92-79F3435DB4C0}.Debug XMLExtract|Any CPU.Build.0 = Debug|Any CPU
		{92788B91-4341-4FE2-9D92-79F3435DB4C0}.Debug XMLExtract|x86.ActiveCfg = Debug|Any CPU
		{92788B91-4341-4FE2-9D92-79F3435DB4C0}.Debug XMLExtract|x86.Build.0 = Debug|Any CPU
		{92788B91-4341-4FE2-9D92-79F3435DB4C0}.Debug|Any CPU.ActiveCfg = Debug|Any CPU
		{92788B91-4341-4FE2-9D92-79F3435DB4C0}.Debug|Any CPU.Build.0 = Debug|Any CPU
		{92788B91-4341-4FE2-9D92-79F3435DB4C0}.Debug|x86.ActiveCfg = Debug|Any CPU
		{92788B91-4341-4FE2-9D92-79F3435DB4C0}.Debug|x86.Build.0 = Debug|Any CPU
		{92788B91-4341-4FE2-9D92-79F3435DB4C0}.Release XMLExtract|Any CPU.ActiveCfg = Release|Any CPU
		{92788B91-4341-4FE2-9D92-79F3435DB4C0}.Release XMLExtract|Any CPU.Build.0 = Release|Any CPU
		{92788B91-4341-4FE2-9D92-79F3435DB4C0}.Release XMLExtract|x86.ActiveCfg = Release|Any CPU
		{92788B91-4341-4FE2-9D92-79F3435DB4C0}.Release XMLExtract|x86.Build.0 = Release|Any CPU
		{92788B91-4341-4FE2-9D92-79F3435DB4C0}.Release|Any CPU.ActiveCfg = Release|Any CPU
		{92788B91-4341-4FE2-9D92-79F3435DB4C0}.Release|Any CPU.Build.0 = Release|Any CPU
		{92788B91-4341-4FE2-9D92-79F3435DB4C0}.Release|x86.ActiveCfg = Release|Any CPU
		{92788B91-4341-4FE2-9D92-79F3435DB4C0}.Release|x86.Build.0 = Release|Any CPU
		{92788B91-4341-4FE2-9D92-79F3435DB4C0}.wfTest|Any CPU.ActiveCfg = Debug|Any CPU
		{92788B91-4341-4FE2-9D92-79F3435DB4C0}.wfTest|Any CPU.Build.0 = Debug|Any CPU
		{92788B91-4341-4FE2-9D92-79F3435DB4C0}.wfTest|x86.ActiveCfg = Debug|Any CPU
		{92788B91-4341-4FE2-9D92-79F3435DB4C0}.wfTest|x86.Build.0 = Debug|Any CPU
		{92788B91-4341-4FE2-9D92-79F3435DB4C0}.XMLExtract|Any CPU.ActiveCfg = Debug|Any CPU
		{92788B91-4341-4FE2-9D92-79F3435DB4C0}.XMLExtract|Any CPU.Build.0 = Debug|Any CPU
		{92788B91-4341-4FE2-9D92-79F3435DB4C0}.XMLExtract|x86.ActiveCfg = Debug|Any CPU
		{92788B91-4341-4FE2-9D92-79F3435DB4C0}.XMLExtract|x86.Build.0 = Debug|Any CPU
		{047A25AE-0450-4EFD-AB19-A5F6FDFF9CF6}.All|Any CPU.ActiveCfg = Debug|x86
		{047A25AE-0450-4EFD-AB19-A5F6FDFF9CF6}.All|Any CPU.Build.0 = Debug|x86
		{047A25AE-0450-4EFD-AB19-A5F6FDFF9CF6}.All|x86.ActiveCfg = Debug|x86
		{047A25AE-0450-4EFD-AB19-A5F6FDFF9CF6}.All|x86.Build.0 = Debug|x86
		{047A25AE-0450-4EFD-AB19-A5F6FDFF9CF6}.Debug XMLExtract|Any CPU.ActiveCfg = Debug|x86
		{047A25AE-0450-4EFD-AB19-A5F6FDFF9CF6}.Debug XMLExtract|Any CPU.Build.0 = Debug|x86
		{047A25AE-0450-4EFD-AB19-A5F6FDFF9CF6}.Debug XMLExtract|x86.ActiveCfg = Debug|x86
		{047A25AE-0450-4EFD-AB19-A5F6FDFF9CF6}.Debug XMLExtract|x86.Build.0 = Debug|x86
		{047A25AE-0450-4EFD-AB19-A5F6FDFF9CF6}.Debug|Any CPU.ActiveCfg = Debug|x86
		{047A25AE-0450-4EFD-AB19-A5F6FDFF9CF6}.Debug|Any CPU.Build.0 = Debug|x86
		{047A25AE-0450-4EFD-AB19-A5F6FDFF9CF6}.Debug|x86.ActiveCfg = Debug|x86
		{047A25AE-0450-4EFD-AB19-A5F6FDFF9CF6}.Debug|x86.Build.0 = Debug|x86
		{047A25AE-0450-4EFD-AB19-A5F6FDFF9CF6}.Release XMLExtract|Any CPU.ActiveCfg = Release|x86
		{047A25AE-0450-4EFD-AB19-A5F6FDFF9CF6}.Release XMLExtract|Any CPU.Build.0 = Release|x86
		{047A25AE-0450-4EFD-AB19-A5F6FDFF9CF6}.Release XMLExtract|x86.ActiveCfg = Release|x86
		{047A25AE-0450-4EFD-AB19-A5F6FDFF9CF6}.Release XMLExtract|x86.Build.0 = Release|x86
		{047A25AE-0450-4EFD-AB19-A5F6FDFF9CF6}.Release|Any CPU.ActiveCfg = Release|x86
		{047A25AE-0450-4EFD-AB19-A5F6FDFF9CF6}.Release|Any CPU.Build.0 = Release|x86
		{047A25AE-0450-4EFD-AB19-A5F6FDFF9CF6}.Release|x86.ActiveCfg = Release|x86
		{047A25AE-0450-4EFD-AB19-A5F6FDFF9CF6}.Release|x86.Build.0 = Release|x86
		{047A25AE-0450-4EFD-AB19-A5F6FDFF9CF6}.wfTest|Any CPU.ActiveCfg = Debug|x86
		{047A25AE-0450-4EFD-AB19-A5F6FDFF9CF6}.wfTest|Any CPU.Build.0 = Debug|x86
		{047A25AE-0450-4EFD-AB19-A5F6FDFF9CF6}.wfTest|x86.ActiveCfg = Debug|x86
		{047A25AE-0450-4EFD-AB19-A5F6FDFF9CF6}.wfTest|x86.Build.0 = Debug|x86
		{047A25AE-0450-4EFD-AB19-A5F6FDFF9CF6}.XMLExtract|Any CPU.ActiveCfg = Debug|x86
		{047A25AE-0450-4EFD-AB19-A5F6FDFF9CF6}.XMLExtract|Any CPU.Build.0 = Debug|x86
		{047A25AE-0450-4EFD-AB19-A5F6FDFF9CF6}.XMLExtract|x86.ActiveCfg = Debug|x86
		{047A25AE-0450-4EFD-AB19-A5F6FDFF9CF6}.XMLExtract|x86.Build.0 = Debug|x86
		{89C9DEEA-F10D-46E4-882E-6A22271926A6}.All|Any CPU.ActiveCfg = Debug|x86
		{89C9DEEA-F10D-46E4-882E-6A22271926A6}.All|Any CPU.Build.0 = Debug|x86
		{89C9DEEA-F10D-46E4-882E-6A22271926A6}.All|x86.ActiveCfg = Debug|x86
		{89C9DEEA-F10D-46E4-882E-6A22271926A6}.All|x86.Build.0 = Debug|x86
		{89C9DEEA-F10D-46E4-882E-6A22271926A6}.Debug XMLExtract|Any CPU.ActiveCfg = Debug|x86
		{89C9DEEA-F10D-46E4-882E-6A22271926A6}.Debug XMLExtract|Any CPU.Build.0 = Debug|x86
		{89C9DEEA-F10D-46E4-882E-6A22271926A6}.Debug XMLExtract|x86.ActiveCfg = Debug|x86
		{89C9DEEA-F10D-46E4-882E-6A22271926A6}.Debug XMLExtract|x86.Build.0 = Debug|x86
		{89C9DEEA-F10D-46E4-882E-6A22271926A6}.Debug|Any CPU.ActiveCfg = Debug|x86
		{89C9DEEA-F10D-46E4-882E-6A22271926A6}.Debug|Any CPU.Build.0 = Debug|x86
		{89C9DEEA-F10D-46E4-882E-6A22271926A6}.Debug|x86.ActiveCfg = Debug|x86
		{89C9DEEA-F10D-46E4-882E-6A22271926A6}.Debug|x86.Build.0 = Debug|x86
		{89C9DEEA-F10D-46E4-882E-6A22271926A6}.Release XMLExtract|Any CPU.ActiveCfg = Release|x86
		{89C9DEEA-F10D-46E4-882E-6A22271926A6}.Release XMLExtract|Any CPU.Build.0 = Release|x86
		{89C9DEEA-F10D-46E4-882E-6A22271926A6}.Release XMLExtract|x86.ActiveCfg = Release|x86
		{89C9DEEA-F10D-46E4-882E-6A22271926A6}.Release XMLExtract|x86.Build.0 = Release|x86
		{89C9DEEA-F10D-46E4-882E-6A22271926A6}.Release|Any CPU.ActiveCfg = Release|x86
		{89C9DEEA-F10D-46E4-882E-6A22271926A6}.Release|Any CPU.Build.0 = Release|x86
		{89C9DEEA-F10D-46E4-882E-6A22271926A6}.Release|x86.ActiveCfg = Release|x86
		{89C9DEEA-F10D-46E4-882E-6A22271926A6}.Release|x86.Build.0 = Release|x86
		{89C9DEEA-F10D-46E4-882E-6A22271926A6}.wfTest|Any CPU.ActiveCfg = Debug|x86
		{89C9DEEA-F10D-46E4-882E-6A22271926A6}.wfTest|Any CPU.Build.0 = Debug|x86
		{89C9DEEA-F10D-46E4-882E-6A22271926A6}.wfTest|x86.ActiveCfg = Debug|x86
		{89C9DEEA-F10D-46E4-882E-6A22271926A6}.wfTest|x86.Build.0 = Debug|x86
		{89C9DEEA-F10D-46E4-882E-6A22271926A6}.XMLExtract|Any CPU.ActiveCfg = Debug|x86
		{89C9DEEA-F10D-46E4-882E-6A22271926A6}.XMLExtract|Any CPU.Build.0 = Debug|x86
		{89C9DEEA-F10D-46E4-882E-6A22271926A6}.XMLExtract|x86.ActiveCfg = Debug|x86
		{89C9DEEA-F10D-46E4-882E-6A22271926A6}.XMLExtract|x86.Build.0 = Debug|x86
	EndGlobalSection
	GlobalSection(SolutionProperties) = preSolution
		HideSolutionNode = FALSE
	EndGlobalSection
	GlobalSection(NestedProjects) = preSolution
		{997D72B0-9CED-404D-AE60-39ADF066161D} = {5DCC7BEF-D006-46B7-AFAD-39F858A3B58B}
		{5567F4F1-87F2-4C4F-99EB-99A7DE283229} = {5DCC7BEF-D006-46B7-AFAD-39F858A3B58B}
		{92788B91-4341-4FE2-9D92-79F3435DB4C0} = {7F8A53F3-DCF1-4866-9FB0-200A9385080B}
		{047A25AE-0450-4EFD-AB19-A5F6FDFF9CF6} = {7F8A53F3-DCF1-4866-9FB0-200A9385080B}
		{89C9DEEA-F10D-46E4-882E-6A22271926A6} = {7F8A53F3-DCF1-4866-9FB0-200A9385080B}
	EndGlobalSection
	GlobalSection(ExtensibilityGlobals) = postSolution
		SolutionGuid = {CDEBE60F-9DC3-4A0C-8FB2-5DF057CE5859}
	EndGlobalSection
	GlobalSection(TeamFoundationVersionControl) = preSolution
		SccNumberOfProjects = 21
		SccEnterpriseProvider = {4CA58AB2-18FA-4F8D-95D4-32DDF27D184C}
		SccTeamFoundationServer = https://coviusdev.visualstudio.com/
		SccLocalPath0 = .
		SccProjectUniqueName1 = AppEngine\\AppEngine.csproj
		SccProjectName1 = AppEngine
		SccLocalPath1 = AppEngine
		SccProjectUniqueName2 = WebApplication\\WebApplication.csproj
		SccProjectName2 = WebApplication
		SccLocalPath2 = WebApplication
		SccProjectUniqueName3 = Convergence.WopiIntegration\\Convergence.WopiIntegration.csproj
		SccProjectName3 = Convergence.WopiIntegration
		SccLocalPath3 = Convergence.WopiIntegration
		SccProjectUniqueName4 = Convergence.Wopi\\Convergence.Wopi.csproj
		SccProjectName4 = Convergence.Wopi
		SccLocalPath4 = Convergence.Wopi
		SccProjectUniqueName5 = FileService\\FileService.csproj
		SccProjectTopLevelParentUniqueName5 = AppFramework.sln
		SccProjectName5 = FileService
		SccLocalPath5 = FileService
		SccProjectUniqueName6 = WorkflowDesigner\\GRESWorkflowDesigner.csproj
		SccProjectName6 = WorkflowDesigner
		SccLocalPath6 = WorkflowDesigner
		SccProjectUniqueName7 = Convergence.Api\\Convergence.Api.csproj
		SccProjectName7 = Convergence.Api
		SccLocalPath7 = Convergence.Api
		SccProjectUniqueName8 = FileServiceConsole\\FileServiceConsole.csproj
		SccProjectName8 = FileServiceConsole
		SccLocalPath8 = FileServiceConsole
		SccProjectUniqueName9 = BulkImportService\\BulkImportService.csproj
		SccProjectName9 = BulkImportService
		SccLocalPath9 = BulkImportService
		SccProjectUniqueName10 = AppEngine.Infrastructure\\AppEngine.Infrastructure.csproj
		SccProjectName10 = AppEngine.Infrastructure
		SccLocalPath10 = AppEngine.Infrastructure
		SccProjectUniqueName11 = AppEngine.Domain\\AppEngine.Domain.csproj
		SccProjectName11 = AppEngine.Domain
		SccLocalPath11 = AppEngine.Domain
		SccProjectUniqueName12 = AppEngine.DTO\\AppEngine.DTO.csproj
		SccProjectName12 = AppEngine.DTO
		SccLocalPath12 = AppEngine.DTO
		SccProjectUniqueName13 = AppEngine.Common\\AppEngine.Common.csproj
		SccProjectName13 = AppEngine.Common
		SccLocalPath13 = AppEngine.Common
		SccProjectUniqueName14 = AppAdmin\\GRESAdmin.csproj
		SccProjectName14 = AppAdmin
		SccLocalPath14 = AppAdmin
		SccProjectUniqueName15 = Convergence.FolderWatcherService\\Convergence.FolderWatcherService.csproj
		SccProjectName15 = Convergence.FolderWatcherService
		SccLocalPath15 = Convergence.FolderWatcherService
		SccProjectUniqueName16 = AppEngineWebService\\AppEngineWebService.csproj
		SccProjectTopLevelParentUniqueName16 = AppFramework.sln
		SccProjectName16 = AppEngineWebService
		SccLocalPath16 = AppEngineWebService
		SccProjectUniqueName17 = XMLExtract\\XMLExtract.csproj
		SccProjectName17 = XMLExtract
		SccLocalPath17 = XMLExtract
		SccProjectUniqueName18 = Convergence.TimerServiceEngine\\Convergence.TimerServiceEngine.csproj
		SccProjectTopLevelParentUniqueName18 = AppFramework.sln
		SccProjectName18 = Convergence.TimerServiceEngine
		SccLocalPath18 = Convergence.TimerServiceEngine
		SccProjectUniqueName19 = Convergence.TimerMessage\\Convergence.TimerMessage.csproj
		SccProjectTopLevelParentUniqueName19 = AppFramework.sln
		SccProjectName19 = Convergence.TimerMessage
		SccLocalPath19 = Convergence.TimerMessage
		SccProjectUniqueName20 = Convergence.TimerService\\Convergence.TimerService.csproj
		SccProjectTopLevelParentUniqueName20 = AppFramework.sln
		SccProjectName20 = Convergence.TimerService
		SccLocalPath20 = Convergence.TimerService
	EndGlobalSection
EndGlobal
